
Microsoft Visual Studio Solution File, Format Version 12.00
# Visual Studio Version 17
VisualStudioVersion = 17.5.002.0
MinimumVisualStudioVersion = 10.0.40219.1
Project("{2150E333-8FDC-42A3-9474-1A3956D46DE8}") = "Semana1", "Semana1", "{2AE707F4-B5DB-4766-84B4-42AA1DE6A07D}"
EndProject
Project("{9A19103F-16F7-4668-BE54-9A1E7A4F7556}") = "dotnet", "Semana1\MeuProjeto\dotnet.csproj", "{80D756B6-F931-400F-8BC8-B9936735451E}"
EndProject
Project("{2150E333-8FDC-42A3-9474-1A3956D46DE8}") = "Semana2", "Semana2", "{6AFB45EA-CFE8-44AB-9EF2-05450511DB13}"
EndProject
Project("{FAE04EC0-301F-11D3-BF4B-00C04F79EFBC}") = "ExerciciosAula", "Semana2\ExerciciosAula\ExerciciosAula.csproj", "{EF7CF1FB-7DB9-4A5B-B488-063AE06F66EF}"
EndProject
Project("{FAE04EC0-301F-11D3-BF4B-00C04F79EFBC}") = "dotNET-P002", "Semana2\dotNET-P002\dotNET-P002.csproj", "{DDC89723-420D-457F-A192-C6422B2DC39A}"
EndProject
Project("{FAE04EC0-301F-11D3-BF4B-00C04F79EFBC}") = "dotNET-P003", "Semana3\dotNET-P003\dotNET-P003.csproj", "{C3BEFB11-D8F4-47A9-B6D1-3E77453EB527}"
EndProject
Project("{2150E333-8FDC-42A3-9474-1A3956D46DE8}") = "Semana4", "Semana4", "{C931A671-CD10-4B91-AC6C-432547889BFB}"
EndProject
Project("{FAE04EC0-301F-11D3-BF4B-00C04F79EFBC}") = "Exercicios", "Semana4\Exercicios\Exercicios.csproj", "{F3FA1EE4-5B4B-4D4C-943F-7D4DB25DC5BF}"
EndProject
Project("{FAE04EC0-301F-11D3-BF4B-00C04F79EFBC}") = "dotNET-AV1", "Semana4\dotNET-AV1\dotNET-AV1.csproj", "{B0E4FEE7-22D5-4172-A18E-1B591AFF0250}"
EndProject
Global
	GlobalSection(SolutionConfigurationPlatforms) = preSolution
		Debug|Any CPU = Debug|Any CPU
		Release|Any CPU = Release|Any CPU
	EndGlobalSection
	GlobalSection(ProjectConfigurationPlatforms) = postSolution
		{80D756B6-F931-400F-8BC8-B9936735451E}.Debug|Any CPU.ActiveCfg = Debug|Any CPU
		{80D756B6-F931-400F-8BC8-B9936735451E}.Debug|Any CPU.Build.0 = Debug|Any CPU
		{80D756B6-F931-400F-8BC8-B9936735451E}.Release|Any CPU.ActiveCfg = Release|Any CPU
		{80D756B6-F931-400F-8BC8-B9936735451E}.Release|Any CPU.Build.0 = Release|Any CPU
		{EF7CF1FB-7DB9-4A5B-B488-063AE06F66EF}.Debug|Any CPU.ActiveCfg = Debug|Any CPU
		{EF7CF1FB-7DB9-4A5B-B488-063AE06F66EF}.Debug|Any CPU.Build.0 = Debug|Any CPU
		{EF7CF1FB-7DB9-4A5B-B488-063AE06F66EF}.Release|Any CPU.ActiveCfg = Release|Any CPU
		{EF7CF1FB-7DB9-4A5B-B488-063AE06F66EF}.Release|Any CPU.Build.0 = Release|Any CPU
		{DDC89723-420D-457F-A192-C6422B2DC39A}.Debug|Any CPU.ActiveCfg = Debug|Any CPU
		{DDC89723-420D-457F-A192-C6422B2DC39A}.Debug|Any CPU.Build.0 = Debug|Any CPU
		{DDC89723-420D-457F-A192-C6422B2DC39A}.Release|Any CPU.ActiveCfg = Release|Any CPU
		{DDC89723-420D-457F-A192-C6422B2DC39A}.Release|Any CPU.Build.0 = Release|Any CPU
		{C3BEFB11-D8F4-47A9-B6D1-3E77453EB527}.Debug|Any CPU.ActiveCfg = Debug|Any CPU
		{C3BEFB11-D8F4-47A9-B6D1-3E77453EB527}.Debug|Any CPU.Build.0 = Debug|Any CPU
		{C3BEFB11-D8F4-47A9-B6D1-3E77453EB527}.Release|Any CPU.ActiveCfg = Release|Any CPU
		{C3BEFB11-D8F4-47A9-B6D1-3E77453EB527}.Release|Any CPU.Build.0 = Release|Any CPU
		{F3FA1EE4-5B4B-4D4C-943F-7D4DB25DC5BF}.Debug|Any CPU.ActiveCfg = Debug|Any CPU
		{F3FA1EE4-5B4B-4D4C-943F-7D4DB25DC5BF}.Debug|Any CPU.Build.0 = Debug|Any CPU
		{F3FA1EE4-5B4B-4D4C-943F-7D4DB25DC5BF}.Release|Any CPU.ActiveCfg = Release|Any CPU
		{F3FA1EE4-5B4B-4D4C-943F-7D4DB25DC5BF}.Release|Any CPU.Build.0 = Release|Any CPU
		{B0E4FEE7-22D5-4172-A18E-1B591AFF0250}.Debug|Any CPU.ActiveCfg = Debug|Any CPU
		{B0E4FEE7-22D5-4172-A18E-1B591AFF0250}.Debug|Any CPU.Build.0 = Debug|Any CPU
		{B0E4FEE7-22D5-4172-A18E-1B591AFF0250}.Release|Any CPU.ActiveCfg = Release|Any CPU
		{B0E4FEE7-22D5-4172-A18E-1B591AFF0250}.Release|Any CPU.Build.0 = Release|Any CPU
	EndGlobalSection
	GlobalSection(SolutionProperties) = preSolution
		HideSolutionNode = FALSE
	EndGlobalSection
	GlobalSection(NestedProjects) = preSolution
		{80D756B6-F931-400F-8BC8-B9936735451E} = {2AE707F4-B5DB-4766-84B4-42AA1DE6A07D}
		{EF7CF1FB-7DB9-4A5B-B488-063AE06F66EF} = {6AFB45EA-CFE8-44AB-9EF2-05450511DB13}
		{DDC89723-420D-457F-A192-C6422B2DC39A} = {6AFB45EA-CFE8-44AB-9EF2-05450511DB13}
		{F3FA1EE4-5B4B-4D4C-943F-7D4DB25DC5BF} = {C931A671-CD10-4B91-AC6C-432547889BFB}
		{B0E4FEE7-22D5-4172-A18E-1B591AFF0250} = {C931A671-CD10-4B91-AC6C-432547889BFB}
	EndGlobalSection
	GlobalSection(ExtensibilityGlobals) = postSolution
		SolutionGuid = {FB594EF3-EFF5-4383-BE67-7AF04692B4F1}
	EndGlobalSection
EndGlobal
